
Microsoft Visual Studio Solution File, Format Version 12.00
# Visual Studio Version 16
VisualStudioVersion = 16.0.31205.134
MinimumVisualStudioVersion = 10.0.40219.1
Project("{FAE04EC0-301F-11D3-BF4B-00C04F79EFBC}") = "ScreenColorPicker", "ScreenColorPicker\ScreenColorPicker.csproj", "{A8308078-A953-432C-8188-DE2326E12A4E}"
EndProject
Global
	GlobalSection(SolutionConfigurationPlatforms) = preSolution
		Debug|Any CPU = Debug|Any CPU
		Release|Any CPU = Release|Any CPU
	EndGlobalSection
	GlobalSection(ProjectConfigurationPlatforms) = postSolution
		{A8308078-A953-432C-8188-DE2326E12A4E}.Debug|Any CPU.ActiveCfg = Debug|Any CPU
		{A8308078-A953-432C-8188-DE2326E12A4E}.Debug|Any CPU.Build.0 = Debug|Any CPU
		{A8308078-A953-432C-8188-DE2326E12A4E}.Release|Any CPU.ActiveCfg = Release|Any CPU
		{A8308078-A953-432C-8188-DE2326E12A4E}.Release|Any CPU.Build.0 = Release|Any CPU
	EndGlobalSection
	GlobalSection(SolutionProperties) = preSolution
		HideSolutionNode = FALSE
	EndGlobalSection
	GlobalSection(ExtensibilityGlobals) = postSolution
		SolutionGuid = {2F0354C7-1682-44B0-9F4A-D8D959F6649A}
	EndGlobalSection
EndGlobal
